
Microsoft Visual Studio Solution File, Format Version 12.00
# Visual Studio 15
VisualStudioVersion = 15.0.28307.779
MinimumVisualStudioVersion = 10.0.40219.1
Project("{FAE04EC0-301F-11D3-BF4B-00C04F79EFBC}") = "ipsvc", "ipsvc\ipsvc.csproj", "{635B1637-4D37-49FA-B494-94A83DD5E1CE}"
EndProject
Project("{8BC9CEB8-8B4A-11D0-8D11-00A0C91BC942}") = "DSInternals.Replication.Interop", "DSInternals.Replication.Interop\DSInternals.Replication.Interop.vcxproj", "{A70A6658-DD67-4C73-AB9A-581465137C6B}"
EndProject
Project("{FAE04EC0-301F-11D3-BF4B-00C04F79EFBC}") = "DSInternals.Common", "DSInternals.Common\DSInternals.Common.csproj", "{7D47F040-D3A9-43CA-9F69-EF91FAF2C23A}"
EndProject
Project("{FAE04EC0-301F-11D3-BF4B-00C04F79EFBC}") = "DSInternals.Replication.Model", "DSInternals.Replication.Model\DSInternals.Replication.Model.csproj", "{0BCA513C-5F12-48B6-8288-D3A95EC2994A}"
EndProject
Project("{FAE04EC0-301F-11D3-BF4B-00C04F79EFBC}") = "DSInternals.Replication", "DSInternals.Replication\DSInternals.Replication.csproj", "{2EE0D48F-65BA-4D4F-A8E1-FC01349BA786}"
EndProject
Project("{8BC9CEB8-8B4A-11D0-8D11-00A0C91BC942}") = "ipscan", "ipscan\ipscan.vcxproj", "{EC19C166-7600-464A-8E9E-E03B74A39F28}"
EndProject
Global
	GlobalSection(SolutionConfigurationPlatforms) = preSolution
		Debug|Any CPU = Debug|Any CPU
		Debug|x64 = Debug|x64
		Debug|x86 = Debug|x86
		Release|Any CPU = Release|Any CPU
		Release|x64 = Release|x64
		Release|x86 = Release|x86
	EndGlobalSection
	GlobalSection(ProjectConfigurationPlatforms) = postSolution
		{635B1637-4D37-49FA-B494-94A83DD5E1CE}.Debug|Any CPU.ActiveCfg = Debug|Any CPU
		{635B1637-4D37-49FA-B494-94A83DD5E1CE}.Debug|Any CPU.Build.0 = Debug|Any CPU
		{635B1637-4D37-49FA-B494-94A83DD5E1CE}.Debug|x64.ActiveCfg = Debug|Any CPU
		{635B1637-4D37-49FA-B494-94A83DD5E1CE}.Debug|x64.Build.0 = Debug|Any CPU
		{635B1637-4D37-49FA-B494-94A83DD5E1CE}.Debug|x86.ActiveCfg = Debug|Any CPU
		{635B1637-4D37-49FA-B494-94A83DD5E1CE}.Debug|x86.Build.0 = Debug|Any CPU
		{635B1637-4D37-49FA-B494-94A83DD5E1CE}.Release|Any CPU.ActiveCfg = Release|Any CPU
		{635B1637-4D37-49FA-B494-94A83DD5E1CE}.Release|Any CPU.Build.0 = Release|Any CPU
		{635B1637-4D37-49FA-B494-94A83DD5E1CE}.Release|x64.ActiveCfg = Release|Any CPU
		{635B1637-4D37-49FA-B494-94A83DD5E1CE}.Release|x64.Build.0 = Release|Any CPU
		{635B1637-4D37-49FA-B494-94A83DD5E1CE}.Release|x86.ActiveCfg = Release|Any CPU
		{635B1637-4D37-49FA-B494-94A83DD5E1CE}.Release|x86.Build.0 = Release|Any CPU
		{A70A6658-DD67-4C73-AB9A-581465137C6B}.Debug|Any CPU.ActiveCfg = Debug|Win32
		{A70A6658-DD67-4C73-AB9A-581465137C6B}.Debug|x64.ActiveCfg = Debug|x64
		{A70A6658-DD67-4C73-AB9A-581465137C6B}.Debug|x64.Build.0 = Debug|x64
		{A70A6658-DD67-4C73-AB9A-581465137C6B}.Debug|x86.ActiveCfg = Debug|Win32
		{A70A6658-DD67-4C73-AB9A-581465137C6B}.Debug|x86.Build.0 = Debug|Win32
		{A70A6658-DD67-4C73-AB9A-581465137C6B}.Release|Any CPU.ActiveCfg = Release|Win32
		{A70A6658-DD67-4C73-AB9A-581465137C6B}.Release|x64.ActiveCfg = Release|x64
		{A70A6658-DD67-4C73-AB9A-581465137C6B}.Release|x64.Build.0 = Release|x64
		{A70A6658-DD67-4C73-AB9A-581465137C6B}.Release|x86.ActiveCfg = Release|Win32
		{A70A6658-DD67-4C73-AB9A-581465137C6B}.Release|x86.Build.0 = Release|Win32
		{7D47F040-D3A9-43CA-9F69-EF91FAF2C23A}.Debug|Any CPU.ActiveCfg = Debug|Any CPU
		{7D47F040-D3A9-43CA-9F69-EF91FAF2C23A}.Debug|Any CPU.Build.0 = Debug|Any CPU
		{7D47F040-D3A9-43CA-9F69-EF91FAF2C23A}.Debug|x64.ActiveCfg = Debug|Any CPU
		{7D47F040-D3A9-43CA-9F69-EF91FAF2C23A}.Debug|x64.Build.0 = Debug|Any CPU
		{7D47F040-D3A9-43CA-9F69-EF91FAF2C23A}.Debug|x86.ActiveCfg = Debug|Any CPU
		{7D47F040-D3A9-43CA-9F69-EF91FAF2C23A}.Debug|x86.Build.0 = Debug|Any CPU
		{7D47F040-D3A9-43CA-9F69-EF91FAF2C23A}.Release|Any CPU.ActiveCfg = Release|Any CPU
		{7D47F040-D3A9-43CA-9F69-EF91FAF2C23A}.Release|Any CPU.Build.0 = Release|Any CPU
		{7D47F040-D3A9-43CA-9F69-EF91FAF2C23A}.Release|x64.ActiveCfg = Release|Any CPU
		{7D47F040-D3A9-43CA-9F69-EF91FAF2C23A}.Release|x64.Build.0 = Release|Any CPU
		{7D47F040-D3A9-43CA-9F69-EF91FAF2C23A}.Release|x86.ActiveCfg = Release|Any CPU
		{7D47F040-D3A9-43CA-9F69-EF91FAF2C23A}.Release|x86.Build.0 = Release|Any CPU
		{0BCA513C-5F12-48B6-8288-D3A95EC2994A}.Debug|Any CPU.ActiveCfg = Debug|Any CPU
		{0BCA513C-5F12-48B6-8288-D3A95EC2994A}.Debug|Any CPU.Build.0 = Debug|Any CPU
		{0BCA513C-5F12-48B6-8288-D3A95EC2994A}.Debug|x64.ActiveCfg = Debug|Any CPU
		{0BCA513C-5F12-48B6-8288-D3A95EC2994A}.Debug|x64.Build.0 = Debug|Any CPU
		{0BCA513C-5F12-48B6-8288-D3A95EC2994A}.Debug|x86.ActiveCfg = Debug|Any CPU
		{0BCA513C-5F12-48B6-8288-D3A95EC2994A}.Debug|x86.Build.0 = Debug|Any CPU
		{0BCA513C-5F12-48B6-8288-D3A95EC2994A}.Release|Any CPU.ActiveCfg = Release|Any CPU
		{0BCA513C-5F12-48B6-8288-D3A95EC2994A}.Release|Any CPU.Build.0 = Release|Any CPU
		{0BCA513C-5F12-48B6-8288-D3A95EC2994A}.Release|x64.ActiveCfg = Release|Any CPU
		{0BCA513C-5F12-48B6-8288-D3A95EC2994A}.Release|x64.Build.0 = Release|Any CPU
		{0BCA513C-5F12-48B6-8288-D3A95EC2994A}.Release|x86.ActiveCfg = Release|Any CPU
		{0BCA513C-5F12-48B6-8288-D3A95EC2994A}.Release|x86.Build.0 = Release|Any CPU
		{2EE0D48F-65BA-4D4F-A8E1-FC01349BA786}.Debug|Any CPU.ActiveCfg = Debug|Any CPU
		{2EE0D48F-65BA-4D4F-A8E1-FC01349BA786}.Debug|Any CPU.Build.0 = Debug|Any CPU
		{2EE0D48F-65BA-4D4F-A8E1-FC01349BA786}.Debug|x64.ActiveCfg = Debug|Any CPU
		{2EE0D48F-65BA-4D4F-A8E1-FC01349BA786}.Debug|x64.Build.0 = Debug|Any CPU
		{2EE0D48F-65BA-4D4F-A8E1-FC01349BA786}.Debug|x86.ActiveCfg = Debug|Any CPU
		{2EE0D48F-65BA-4D4F-A8E1-FC01349BA786}.Debug|x86.Build.0 = Debug|Any CPU
		{2EE0D48F-65BA-4D4F-A8E1-FC01349BA786}.Release|Any CPU.ActiveCfg = Release|Any CPU
		{2EE0D48F-65BA-4D4F-A8E1-FC01349BA786}.Release|Any CPU.Build.0 = Release|Any CPU
		{2EE0D48F-65BA-4D4F-A8E1-FC01349BA786}.Release|x64.ActiveCfg = Release|Any CPU
		{2EE0D48F-65BA-4D4F-A8E1-FC01349BA786}.Release|x64.Build.0 = Release|Any CPU
		{2EE0D48F-65BA-4D4F-A8E1-FC01349BA786}.Release|x86.ActiveCfg = Release|Any CPU
		{2EE0D48F-65BA-4D4F-A8E1-FC01349BA786}.Release|x86.Build.0 = Release|Any CPU
		{EC19C166-7600-464A-8E9E-E03B74A39F28}.Debug|Any CPU.ActiveCfg = Debug|Win32
		{EC19C166-7600-464A-8E9E-E03B74A39F28}.Debug|x64.ActiveCfg = Debug|x64
		{EC19C166-7600-464A-8E9E-E03B74A39F28}.Debug|x64.Build.0 = Debug|x64
		{EC19C166-7600-464A-8E9E-E03B74A39F28}.Debug|x86.ActiveCfg = Debug|Win32
		{EC19C166-7600-464A-8E9E-E03B74A39F28}.Debug|x86.Build.0 = Debug|Win32
		{EC19C166-7600-464A-8E9E-E03B74A39F28}.Release|Any CPU.ActiveCfg = Release|Win32
		{EC19C166-7600-464A-8E9E-E03B74A39F28}.Release|x64.ActiveCfg = Release|x64
		{EC19C166-7600-464A-8E9E-E03B74A39F28}.Release|x64.Build.0 = Release|x64
		{EC19C166-7600-464A-8E9E-E03B74A39F28}.Release|x86.ActiveCfg = Release|Win32
		{EC19C166-7600-464A-8E9E-E03B74A39F28}.Release|x86.Build.0 = Release|Win32
	EndGlobalSection
	GlobalSection(SolutionProperties) = preSolution
		HideSolutionNode = FALSE
	EndGlobalSection
	GlobalSection(ExtensibilityGlobals) = postSolution
		SolutionGuid = {31DEF2EB-8990-4E64-B720-8CEA00FD64CF}
	EndGlobalSection
EndGlobal
